
Microsoft Visual Studio Solution File, Format Version 12.00
# Visual Studio Version 17
VisualStudioVersion = 17.0.31903.59
MinimumVisualStudioVersion = 10.0.40219.1
Project("{2150E333-8FDC-42A3-9474-1A3956D46DE8}") = "src", "src", "{827E0CD3-B72D-47B6-A68D-7590B98EB39B}"
EndProject
Project("{FAE04EC0-301F-11D3-BF4B-00C04F79EFBC}") = "UserManagementAPI.Api", "src\UserManagementAPI.Api\UserManagementAPI.Api.csproj", "{C8BC0AA2-515A-40BE-871D-3C0334C38ACC}"
EndProject
Project("{FAE04EC0-301F-11D3-BF4B-00C04F79EFBC}") = "UserManagementAPI.Application", "src\UserManagementAPI.Application\UserManagementAPI.Application.csproj", "{0C089EA9-3DDF-44B8-8096-471AB7C41E10}"
EndProject
Project("{FAE04EC0-301F-11D3-BF4B-00C04F79EFBC}") = "UserManagementAPI.Domain", "src\UserManagementAPI.Domain\UserManagementAPI.Domain.csproj", "{FECAA74A-F29E-4B27-A996-6E22219A68AB}"
EndProject
Project("{FAE04EC0-301F-11D3-BF4B-00C04F79EFBC}") = "UserManagementAPI.Infrastructure", "src\UserManagementAPI.Infrastructure\UserManagementAPI.Infrastructure.csproj", "{AE159948-CBB8-470E-8BBC-62A7B874CEEC}"
EndProject
Project("{2150E333-8FDC-42A3-9474-1A3956D46DE8}") = "tests", "tests", "{0AB3BF05-4346-4AA6-1389-037BE0695223}"
EndProject
Project("{FAE04EC0-301F-11D3-BF4B-00C04F79EFBC}") = "UserManagementAPI.Domain.UnitTests", "tests\UserManagementAPI.Domain.UnitTests\UserManagementAPI.Domain.UnitTests.csproj", "{3085994A-13DA-45A1-89D9-F0599BAFAA06}"
EndProject
Project("{FAE04EC0-301F-11D3-BF4B-00C04F79EFBC}") = "UserManagementAPI.Application.UnitTests", "tests\UserManagementAPI.Application.UnitTests\UserManagementAPI.Application.UnitTests.csproj", "{46574194-1434-47C9-9B1B-9C256F487391}"
EndProject
Project("{FAE04EC0-301F-11D3-BF4B-00C04F79EFBC}") = "UserManagementAPI.IntegrationTests", "tests\UserManagementAPI.IntegrationTests\UserManagementAPI.IntegrationTests.csproj", "{9EA75184-CC20-4507-957B-280C0C18EBEB}"
EndProject
Global
	GlobalSection(SolutionConfigurationPlatforms) = preSolution
		Debug|Any CPU = Debug|Any CPU
		Debug|x64 = Debug|x64
		Debug|x86 = Debug|x86
		Release|Any CPU = Release|Any CPU
		Release|x64 = Release|x64
		Release|x86 = Release|x86
	EndGlobalSection
	GlobalSection(ProjectConfigurationPlatforms) = postSolution
		{C8BC0AA2-515A-40BE-871D-3C0334C38ACC}.Debug|Any CPU.ActiveCfg = Debug|Any CPU
		{C8BC0AA2-515A-40BE-871D-3C0334C38ACC}.Debug|Any CPU.Build.0 = Debug|Any CPU
		{C8BC0AA2-515A-40BE-871D-3C0334C38ACC}.Debug|x64.ActiveCfg = Debug|Any CPU
		{C8BC0AA2-515A-40BE-871D-3C0334C38ACC}.Debug|x64.Build.0 = Debug|Any CPU
		{C8BC0AA2-515A-40BE-871D-3C0334C38ACC}.Debug|x86.ActiveCfg = Debug|Any CPU
		{C8BC0AA2-515A-40BE-871D-3C0334C38ACC}.Debug|x86.Build.0 = Debug|Any CPU
		{C8BC0AA2-515A-40BE-871D-3C0334C38ACC}.Release|Any CPU.ActiveCfg = Release|Any CPU
		{C8BC0AA2-515A-40BE-871D-3C0334C38ACC}.Release|Any CPU.Build.0 = Release|Any CPU
		{C8BC0AA2-515A-40BE-871D-3C0334C38ACC}.Release|x64.ActiveCfg = Release|Any CPU
		{C8BC0AA2-515A-40BE-871D-3C0334C38ACC}.Release|x64.Build.0 = Release|Any CPU
		{C8BC0AA2-515A-40BE-871D-3C0334C38ACC}.Release|x86.ActiveCfg = Release|Any CPU
		{C8BC0AA2-515A-40BE-871D-3C0334C38ACC}.Release|x86.Build.0 = Release|Any CPU
		{0C089EA9-3DDF-44B8-8096-471AB7C41E10}.Debug|Any CPU.ActiveCfg = Debug|Any CPU
		{0C089EA9-3DDF-44B8-8096-471AB7C41E10}.Debug|Any CPU.Build.0 = Debug|Any CPU
		{0C089EA9-3DDF-44B8-8096-471AB7C41E10}.Debug|x64.ActiveCfg = Debug|Any CPU
		{0C089EA9-3DDF-44B8-8096-471AB7C41E10}.Debug|x64.Build.0 = Debug|Any CPU
		{0C089EA9-3DDF-44B8-8096-471AB7C41E10}.Debug|x86.ActiveCfg = Debug|Any CPU
		{0C089EA9-3DDF-44B8-8096-471AB7C41E10}.Debug|x86.Build.0 = Debug|Any CPU
		{0C089EA9-3DDF-44B8-8096-471AB7C41E10}.Release|Any CPU.ActiveCfg = Release|Any CPU
		{0C089EA9-3DDF-44B8-8096-471AB7C41E10}.Release|Any CPU.Build.0 = Release|Any CPU
		{0C089EA9-3DDF-44B8-8096-471AB7C41E10}.Release|x64.ActiveCfg = Release|Any CPU
		{0C089EA9-3DDF-44B8-8096-471AB7C41E10}.Release|x64.Build.0 = Release|Any CPU
		{0C089EA9-3DDF-44B8-8096-471AB7C41E10}.Release|x86.ActiveCfg = Release|Any CPU
		{0C089EA9-3DDF-44B8-8096-471AB7C41E10}.Release|x86.Build.0 = Release|Any CPU
		{FECAA74A-F29E-4B27-A996-6E22219A68AB}.Debug|Any CPU.ActiveCfg = Debug|Any CPU
		{FECAA74A-F29E-4B27-A996-6E22219A68AB}.Debug|Any CPU.Build.0 = Debug|Any CPU
		{FECAA74A-F29E-4B27-A996-6E22219A68AB}.Debug|x64.ActiveCfg = Debug|Any CPU
		{FECAA74A-F29E-4B27-A996-6E22219A68AB}.Debug|x64.Build.0 = Debug|Any CPU
		{FECAA74A-F29E-4B27-A996-6E22219A68AB}.Debug|x86.ActiveCfg = Debug|Any CPU
		{FECAA74A-F29E-4B27-A996-6E22219A68AB}.Debug|x86.Build.0 = Debug|Any CPU
		{FECAA74A-F29E-4B27-A996-6E22219A68AB}.Release|Any CPU.ActiveCfg = Release|Any CPU
		{FECAA74A-F29E-4B27-A996-6E22219A68AB}.Release|Any CPU.Build.0 = Release|Any CPU
		{FECAA74A-F29E-4B27-A996-6E22219A68AB}.Release|x64.ActiveCfg = Release|Any CPU
		{FECAA74A-F29E-4B27-A996-6E22219A68AB}.Release|x64.Build.0 = Release|Any CPU
		{FECAA74A-F29E-4B27-A996-6E22219A68AB}.Release|x86.ActiveCfg = Release|Any CPU
		{FECAA74A-F29E-4B27-A996-6E22219A68AB}.Release|x86.Build.0 = Release|Any CPU
		{AE159948-CBB8-470E-8BBC-62A7B874CEEC}.Debug|Any CPU.ActiveCfg = Debug|Any CPU
		{AE159948-CBB8-470E-8BBC-62A7B874CEEC}.Debug|Any CPU.Build.0 = Debug|Any CPU
		{AE159948-CBB8-470E-8BBC-62A7B874CEEC}.Debug|x64.ActiveCfg = Debug|Any CPU
		{AE159948-CBB8-470E-8BBC-62A7B874CEEC}.Debug|x64.Build.0 = Debug|Any CPU
		{AE159948-CBB8-470E-8BBC-62A7B874CEEC}.Debug|x86.ActiveCfg = Debug|Any CPU
		{AE159948-CBB8-470E-8BBC-62A7B874CEEC}.Debug|x86.Build.0 = Debug|Any CPU
		{AE159948-CBB8-470E-8BBC-62A7B874CEEC}.Release|Any CPU.ActiveCfg = Release|Any CPU
		{AE159948-CBB8-470E-8BBC-62A7B874CEEC}.Release|Any CPU.Build.0 = Release|Any CPU
		{AE159948-CBB8-470E-8BBC-62A7B874CEEC}.Release|x64.ActiveCfg = Release|Any CPU
		{AE159948-CBB8-470E-8BBC-62A7B874CEEC}.Release|x64.Build.0 = Release|Any CPU
		{AE159948-CBB8-470E-8BBC-62A7B874CEEC}.Release|x86.ActiveCfg = Release|Any CPU
		{AE159948-CBB8-470E-8BBC-62A7B874CEEC}.Release|x86.Build.0 = Release|Any CPU
		{3085994A-13DA-45A1-89D9-F0599BAFAA06}.Debug|Any CPU.ActiveCfg = Debug|Any CPU
		{3085994A-13DA-45A1-89D9-F0599BAFAA06}.Debug|Any CPU.Build.0 = Debug|Any CPU
		{3085994A-13DA-45A1-89D9-F0599BAFAA06}.Debug|x64.ActiveCfg = Debug|Any CPU
		{3085994A-13DA-45A1-89D9-F0599BAFAA06}.Debug|x64.Build.0 = Debug|Any CPU
		{3085994A-13DA-45A1-89D9-F0599BAFAA06}.Debug|x86.ActiveCfg = Debug|Any CPU
		{3085994A-13DA-45A1-89D9-F0599BAFAA06}.Debug|x86.Build.0 = Debug|Any CPU
		{3085994A-13DA-45A1-89D9-F0599BAFAA06}.Release|Any CPU.ActiveCfg = Release|Any CPU
		{3085994A-13DA-45A1-89D9-F0599BAFAA06}.Release|Any CPU.Build.0 = Release|Any CPU
		{3085994A-13DA-45A1-89D9-F0599BAFAA06}.Release|x64.ActiveCfg = Release|Any CPU
		{3085994A-13DA-45A1-89D9-F0599BAFAA06}.Release|x64.Build.0 = Release|Any CPU
		{3085994A-13DA-45A1-89D9-F0599BAFAA06}.Release|x86.ActiveCfg = Release|Any CPU
		{3085994A-13DA-45A1-89D9-F0599BAFAA06}.Release|x86.Build.0 = Release|Any CPU
		{46574194-1434-47C9-9B1B-9C256F487391}.Debug|Any CPU.ActiveCfg = Debug|Any CPU
		{46574194-1434-47C9-9B1B-9C256F487391}.Debug|Any CPU.Build.0 = Debug|Any CPU
		{46574194-1434-47C9-9B1B-9C256F487391}.Debug|x64.ActiveCfg = Debug|Any CPU
		{46574194-1434-47C9-9B1B-9C256F487391}.Debug|x64.Build.0 = Debug|Any CPU
		{46574194-1434-47C9-9B1B-9C256F487391}.Debug|x86.ActiveCfg = Debug|Any CPU
		{46574194-1434-47C9-9B1B-9C256F487391}.Debug|x86.Build.0 = Debug|Any CPU
		{46574194-1434-47C9-9B1B-9C256F487391}.Release|Any CPU.ActiveCfg = Release|Any CPU
		{46574194-1434-47C9-9B1B-9C256F487391}.Release|Any CPU.Build.0 = Release|Any CPU
		{46574194-1434-47C9-9B1B-9C256F487391}.Release|x64.ActiveCfg = Release|Any CPU
		{46574194-1434-47C9-9B1B-9C256F487391}.Release|x64.Build.0 = Release|Any CPU
		{46574194-1434-47C9-9B1B-9C256F487391}.Release|x86.ActiveCfg = Release|Any CPU
		{46574194-1434-47C9-9B1B-9C256F487391}.Release|x86.Build.0 = Release|Any CPU
		{9EA75184-CC20-4507-957B-280C0C18EBEB}.Debug|Any CPU.ActiveCfg = Debug|Any CPU
		{9EA75184-CC20-4507-957B-280C0C18EBEB}.Debug|Any CPU.Build.0 = Debug|Any CPU
		{9EA75184-CC20-4507-957B-280C0C18EBEB}.Debug|x64.ActiveCfg = Debug|Any CPU
		{9EA75184-CC20-4507-957B-280C0C18EBEB}.Debug|x64.Build.0 = Debug|Any CPU
		{9EA75184-CC20-4507-957B-280C0C18EBEB}.Debug|x86.ActiveCfg = Debug|Any CPU
		{9EA75184-CC20-4507-957B-280C0C18EBEB}.Debug|x86.Build.0 = Debug|Any CPU
		{9EA75184-CC20-4507-957B-280C0C18EBEB}.Release|Any CPU.ActiveCfg = Release|Any CPU
		{9EA75184-CC20-4507-957B-280C0C18EBEB}.Release|Any CPU.Build.0 = Release|Any CPU
		{9EA75184-CC20-4507-957B-280C0C18EBEB}.Release|x64.ActiveCfg = Release|Any CPU
		{9EA75184-CC20-4507-957B-280C0C18EBEB}.Release|x64.Build.0 = Release|Any CPU
		{9EA75184-CC20-4507-957B-280C0C18EBEB}.Release|x86.ActiveCfg = Release|Any CPU
		{9EA75184-CC20-4507-957B-280C0C18EBEB}.Release|x86.Build.0 = Release|Any CPU
	EndGlobalSection
	GlobalSection(SolutionProperties) = preSolution
		HideSolutionNode = FALSE
	EndGlobalSection
	GlobalSection(NestedProjects) = preSolution
		{C8BC0AA2-515A-40BE-871D-3C0334C38ACC} = {827E0CD3-B72D-47B6-A68D-7590B98EB39B}
		{0C089EA9-3DDF-44B8-8096-471AB7C41E10} = {827E0CD3-B72D-47B6-A68D-7590B98EB39B}
		{FECAA74A-F29E-4B27-A996-6E22219A68AB} = {827E0CD3-B72D-47B6-A68D-7590B98EB39B}
		{AE159948-CBB8-470E-8BBC-62A7B874CEEC} = {827E0CD3-B72D-47B6-A68D-7590B98EB39B}
		{3085994A-13DA-45A1-89D9-F0599BAFAA06} = {0AB3BF05-4346-4AA6-1389-037BE0695223}
		{46574194-1434-47C9-9B1B-9C256F487391} = {0AB3BF05-4346-4AA6-1389-037BE0695223}
		{9EA75184-CC20-4507-957B-280C0C18EBEB} = {0AB3BF05-4346-4AA6-1389-037BE0695223}
	EndGlobalSection
EndGlobal
